
Microsoft Visual Studio Solution File, Format Version 12.00
# Visual Studio 15
VisualStudioVersion = 15.0.28010.2048
MinimumVisualStudioVersion = 10.0.40219.1
Project("{FAE04EC0-301F-11D3-BF4B-00C04F79EFBC}") = "TRAPP.Android", "TRAPP\TRAPP.Android\TRAPP.Android.csproj", "{57928AAE-84E6-42D4-8F85-5E1E48686216}"
EndProject
Project("{FAE04EC0-301F-11D3-BF4B-00C04F79EFBC}") = "TRAPP.iOS", "TRAPP\TRAPP.iOS\TRAPP.iOS.csproj", "{3EEC7B54-664C-4271-B4FA-98CD042C649B}"
EndProject
Project("{FAE04EC0-301F-11D3-BF4B-00C04F79EFBC}") = "TRAPP", "TRAPP\TRAPP\TRAPP.csproj", "{00C5826E-C59F-4F8A-8969-4DAB488985DE}"
EndProject
Global
	GlobalSection(SolutionConfigurationPlatforms) = preSolution
		Ad-Hoc|Any CPU = Ad-Hoc|Any CPU
		Ad-Hoc|iPhone = Ad-Hoc|iPhone
		Ad-Hoc|iPhoneSimulator = Ad-Hoc|iPhoneSimulator
		AppStore|Any CPU = AppStore|Any CPU
		AppStore|iPhone = AppStore|iPhone
		AppStore|iPhoneSimulator = AppStore|iPhoneSimulator
		Debug|Any CPU = Debug|Any CPU
		Debug|iPhone = Debug|iPhone
		Debug|iPhoneSimulator = Debug|iPhoneSimulator
		Release|Any CPU = Release|Any CPU
		Release|iPhone = Release|iPhone
		Release|iPhoneSimulator = Release|iPhoneSimulator
	EndGlobalSection
	GlobalSection(ProjectConfigurationPlatforms) = postSolution
		{57928AAE-84E6-42D4-8F85-5E1E48686216}.Ad-Hoc|Any CPU.ActiveCfg = Release|Any CPU
		{57928AAE-84E6-42D4-8F85-5E1E48686216}.Ad-Hoc|Any CPU.Build.0 = Release|Any CPU
		{57928AAE-84E6-42D4-8F85-5E1E48686216}.Ad-Hoc|Any CPU.Deploy.0 = Release|Any CPU
		{57928AAE-84E6-42D4-8F85-5E1E48686216}.Ad-Hoc|iPhone.ActiveCfg = Release|Any CPU
		{57928AAE-84E6-42D4-8F85-5E1E48686216}.Ad-Hoc|iPhone.Build.0 = Release|Any CPU
		{57928AAE-84E6-42D4-8F85-5E1E48686216}.Ad-Hoc|iPhone.Deploy.0 = Release|Any CPU
		{57928AAE-84E6-42D4-8F85-5E1E48686216}.Ad-Hoc|iPhoneSimulator.ActiveCfg = Release|Any CPU
		{57928AAE-84E6-42D4-8F85-5E1E48686216}.Ad-Hoc|iPhoneSimulator.Build.0 = Release|Any CPU
		{57928AAE-84E6-42D4-8F85-5E1E48686216}.Ad-Hoc|iPhoneSimulator.Deploy.0 = Release|Any CPU
		{57928AAE-84E6-42D4-8F85-5E1E48686216}.AppStore|Any CPU.ActiveCfg = Release|Any CPU
		{57928AAE-84E6-42D4-8F85-5E1E48686216}.AppStore|Any CPU.Build.0 = Release|Any CPU
		{57928AAE-84E6-42D4-8F85-5E1E48686216}.AppStore|Any CPU.Deploy.0 = Release|Any CPU
		{57928AAE-84E6-42D4-8F85-5E1E48686216}.AppStore|iPhone.ActiveCfg = Release|Any CPU
		{57928AAE-84E6-42D4-8F85-5E1E48686216}.AppStore|iPhone.Build.0 = Release|Any CPU
		{57928AAE-84E6-42D4-8F85-5E1E48686216}.AppStore|iPhone.Deploy.0 = Release|Any CPU
		{57928AAE-84E6-42D4-8F85-5E1E48686216}.AppStore|iPhoneSimulator.ActiveCfg = Release|Any CPU
		{57928AAE-84E6-42D4-8F85-5E1E48686216}.AppStore|iPhoneSimulator.Build.0 = Release|Any CPU
		{57928AAE-84E6-42D4-8F85-5E1E48686216}.AppStore|iPhoneSimulator.Deploy.0 = Release|Any CPU
		{57928AAE-84E6-42D4-8F85-5E1E48686216}.Debug|Any CPU.ActiveCfg = Debug|Any CPU
		{57928AAE-84E6-42D4-8F85-5E1E48686216}.Debug|Any CPU.Build.0 = Debug|Any CPU
		{57928AAE-84E6-42D4-8F85-5E1E48686216}.Debug|Any CPU.Deploy.0 = Debug|Any CPU
		{57928AAE-84E6-42D4-8F85-5E1E48686216}.Debug|iPhone.ActiveCfg = Debug|Any CPU
		{57928AAE-84E6-42D4-8F85-5E1E48686216}.Debug|iPhone.Build.0 = Debug|Any CPU
		{57928AAE-84E6-42D4-8F85-5E1E48686216}.Debug|iPhone.Deploy.0 = Debug|Any CPU
		{57928AAE-84E6-42D4-8F85-5E1E48686216}.Debug|iPhoneSimulator.ActiveCfg = Debug|Any CPU
		{57928AAE-84E6-42D4-8F85-5E1E48686216}.Debug|iPhoneSimulator.Build.0 = Debug|Any CPU
		{57928AAE-84E6-42D4-8F85-5E1E48686216}.Debug|iPhoneSimulator.Deploy.0 = Debug|Any CPU
		{57928AAE-84E6-42D4-8F85-5E1E48686216}.Release|Any CPU.ActiveCfg = Release|Any CPU
		{57928AAE-84E6-42D4-8F85-5E1E48686216}.Release|Any CPU.Build.0 = Release|Any CPU
		{57928AAE-84E6-42D4-8F85-5E1E48686216}.Release|Any CPU.Deploy.0 = Release|Any CPU
		{57928AAE-84E6-42D4-8F85-5E1E48686216}.Release|iPhone.ActiveCfg = Release|Any CPU
		{57928AAE-84E6-42D4-8F85-5E1E48686216}.Release|iPhone.Build.0 = Release|Any CPU
		{57928AAE-84E6-42D4-8F85-5E1E48686216}.Release|iPhone.Deploy.0 = Release|Any CPU
		{57928AAE-84E6-42D4-8F85-5E1E48686216}.Release|iPhoneSimulator.ActiveCfg = Release|Any CPU
		{57928AAE-84E6-42D4-8F85-5E1E48686216}.Release|iPhoneSimulator.Build.0 = Release|Any CPU
		{57928AAE-84E6-42D4-8F85-5E1E48686216}.Release|iPhoneSimulator.Deploy.0 = Release|Any CPU
		{3EEC7B54-664C-4271-B4FA-98CD042C649B}.Ad-Hoc|Any CPU.ActiveCfg = Ad-Hoc|iPhone
		{3EEC7B54-664C-4271-B4FA-98CD042C649B}.Ad-Hoc|Any CPU.Build.0 = Ad-Hoc|iPhone
		{3EEC7B54-664C-4271-B4FA-98CD042C649B}.Ad-Hoc|Any CPU.Deploy.0 = Ad-Hoc|iPhone
		{3EEC7B54-664C-4271-B4FA-98CD042C649B}.Ad-Hoc|iPhone.ActiveCfg = Ad-Hoc|iPhone
		{3EEC7B54-664C-4271-B4FA-98CD042C649B}.Ad-Hoc|iPhone.Build.0 = Ad-Hoc|iPhone
		{3EEC7B54-664C-4271-B4FA-98CD042C649B}.Ad-Hoc|iPhone.Deploy.0 = Ad-Hoc|iPhone
		{3EEC7B54-664C-4271-B4FA-98CD042C649B}.Ad-Hoc|iPhoneSimulator.ActiveCfg = Ad-Hoc|iPhoneSimulator
		{3EEC7B54-664C-4271-B4FA-98CD042C649B}.Ad-Hoc|iPhoneSimulator.Build.0 = Ad-Hoc|iPhoneSimulator
		{3EEC7B54-664C-4271-B4FA-98CD042C649B}.Ad-Hoc|iPhoneSimulator.Deploy.0 = Ad-Hoc|iPhoneSimulator
		{3EEC7B54-664C-4271-B4FA-98CD042C649B}.AppStore|Any CPU.ActiveCfg = AppStore|iPhone
		{3EEC7B54-664C-4271-B4FA-98CD042C649B}.AppStore|Any CPU.Build.0 = AppStore|iPhone
		{3EEC7B54-664C-4271-B4FA-98CD042C649B}.AppStore|Any CPU.Deploy.0 = AppStore|iPhone
		{3EEC7B54-664C-4271-B4FA-98CD042C649B}.AppStore|iPhone.ActiveCfg = AppStore|iPhone
		{3EEC7B54-664C-4271-B4FA-98CD042C649B}.AppStore|iPhone.Build.0 = AppStore|iPhone
		{3EEC7B54-664C-4271-B4FA-98CD042C649B}.AppStore|iPhone.Deploy.0 = AppStore|iPhone
		{3EEC7B54-664C-4271-B4FA-98CD042C649B}.AppStore|iPhoneSimulator.ActiveCfg = AppStore|iPhoneSimulator
		{3EEC7B54-664C-4271-B4FA-98CD042C649B}.AppStore|iPhoneSimulator.Build.0 = AppStore|iPhoneSimulator
		{3EEC7B54-664C-4271-B4FA-98CD042C649B}.AppStore|iPhoneSimulator.Deploy.0 = AppStore|iPhoneSimulator
		{3EEC7B54-664C-4271-B4FA-98CD042C649B}.Debug|Any CPU.ActiveCfg = Debug|iPhoneSimulator
		{3EEC7B54-664C-4271-B4FA-98CD042C649B}.Debug|Any CPU.Build.0 = Debug|iPhoneSimulator
		{3EEC7B54-664C-4271-B4FA-98CD042C649B}.Debug|Any CPU.Deploy.0 = Debug|iPhoneSimulator
		{3EEC7B54-664C-4271-B4FA-98CD042C649B}.Debug|iPhone.ActiveCfg = Debug|iPhone
		{3EEC7B54-664C-4271-B4FA-98CD042C649B}.Debug|iPhone.Build.0 = Debug|iPhone
		{3EEC7B54-664C-4271-B4FA-98CD042C649B}.Debug|iPhone.Deploy.0 = Debug|iPhone
		{3EEC7B54-664C-4271-B4FA-98CD042C649B}.Debug|iPhoneSimulator.ActiveCfg = Debug|iPhoneSimulator
		{3EEC7B54-664C-4271-B4FA-98CD042C649B}.Debug|iPhoneSimulator.Build.0 = Debug|iPhoneSimulator
		{3EEC7B54-664C-4271-B4FA-98CD042C649B}.Debug|iPhoneSimulator.Deploy.0 = Debug|iPhoneSimulator
		{3EEC7B54-664C-4271-B4FA-98CD042C649B}.Release|Any CPU.ActiveCfg = Release|iPhone
		{3EEC7B54-664C-4271-B4FA-98CD042C649B}.Release|Any CPU.Build.0 = Release|iPhone
		{3EEC7B54-664C-4271-B4FA-98CD042C649B}.Release|Any CPU.Deploy.0 = Release|iPhone
		{3EEC7B54-664C-4271-B4FA-98CD042C649B}.Release|iPhone.ActiveCfg = Release|iPhone
		{3EEC7B54-664C-4271-B4FA-98CD042C649B}.Release|iPhone.Build.0 = Release|iPhone
		{3EEC7B54-664C-4271-B4FA-98CD042C649B}.Release|iPhone.Deploy.0 = Release|iPhone
		{3EEC7B54-664C-4271-B4FA-98CD042C649B}.Release|iPhoneSimulator.ActiveCfg = Release|iPhoneSimulator
		{3EEC7B54-664C-4271-B4FA-98CD042C649B}.Release|iPhoneSimulator.Build.0 = Release|iPhoneSimulator
		{3EEC7B54-664C-4271-B4FA-98CD042C649B}.Release|iPhoneSimulator.Deploy.0 = Release|iPhoneSimulator
		{00C5826E-C59F-4F8A-8969-4DAB488985DE}.Ad-Hoc|Any CPU.ActiveCfg = Debug|Any CPU
		{00C5826E-C59F-4F8A-8969-4DAB488985DE}.Ad-Hoc|Any CPU.Build.0 = Debug|Any CPU
		{00C5826E-C59F-4F8A-8969-4DAB488985DE}.Ad-Hoc|Any CPU.Deploy.0 = Debug|Any CPU
		{00C5826E-C59F-4F8A-8969-4DAB488985DE}.Ad-Hoc|iPhone.ActiveCfg = Debug|Any CPU
		{00C5826E-C59F-4F8A-8969-4DAB488985DE}.Ad-Hoc|iPhone.Build.0 = Debug|Any CPU
		{00C5826E-C59F-4F8A-8969-4DAB488985DE}.Ad-Hoc|iPhone.Deploy.0 = Debug|Any CPU
		{00C5826E-C59F-4F8A-8969-4DAB488985DE}.Ad-Hoc|iPhoneSimulator.ActiveCfg = Debug|Any CPU
		{00C5826E-C59F-4F8A-8969-4DAB488985DE}.Ad-Hoc|iPhoneSimulator.Build.0 = Debug|Any CPU
		{00C5826E-C59F-4F8A-8969-4DAB488985DE}.Ad-Hoc|iPhoneSimulator.Deploy.0 = Debug|Any CPU
		{00C5826E-C59F-4F8A-8969-4DAB488985DE}.AppStore|Any CPU.ActiveCfg = Debug|Any CPU
		{00C5826E-C59F-4F8A-8969-4DAB488985DE}.AppStore|Any CPU.Build.0 = Debug|Any CPU
		{00C5826E-C59F-4F8A-8969-4DAB488985DE}.AppStore|Any CPU.Deploy.0 = Debug|Any CPU
		{00C5826E-C59F-4F8A-8969-4DAB488985DE}.AppStore|iPhone.ActiveCfg = Debug|Any CPU
		{00C5826E-C59F-4F8A-8969-4DAB488985DE}.AppStore|iPhone.Build.0 = Debug|Any CPU
		{00C5826E-C59F-4F8A-8969-4DAB488985DE}.AppStore|iPhone.Deploy.0 = Debug|Any CPU
		{00C5826E-C59F-4F8A-8969-4DAB488985DE}.AppStore|iPhoneSimulator.ActiveCfg = Debug|Any CPU
		{00C5826E-C59F-4F8A-8969-4DAB488985DE}.AppStore|iPhoneSimulator.Build.0 = Debug|Any CPU
		{00C5826E-C59F-4F8A-8969-4DAB488985DE}.AppStore|iPhoneSimulator.Deploy.0 = Debug|Any CPU
		{00C5826E-C59F-4F8A-8969-4DAB488985DE}.Debug|Any CPU.ActiveCfg = Debug|Any CPU
		{00C5826E-C59F-4F8A-8969-4DAB488985DE}.Debug|Any CPU.Build.0 = Debug|Any CPU
		{00C5826E-C59F-4F8A-8969-4DAB488985DE}.Debug|Any CPU.Deploy.0 = Debug|Any CPU
		{00C5826E-C59F-4F8A-8969-4DAB488985DE}.Debug|iPhone.ActiveCfg = Debug|Any CPU
		{00C5826E-C59F-4F8A-8969-4DAB488985DE}.Debug|iPhone.Build.0 = Debug|Any CPU
		{00C5826E-C59F-4F8A-8969-4DAB488985DE}.Debug|iPhone.Deploy.0 = Debug|Any CPU
		{00C5826E-C59F-4F8A-8969-4DAB488985DE}.Debug|iPhoneSimulator.ActiveCfg = Debug|Any CPU
		{00C5826E-C59F-4F8A-8969-4DAB488985DE}.Debug|iPhoneSimulator.Build.0 = Debug|Any CPU
		{00C5826E-C59F-4F8A-8969-4DAB488985DE}.Debug|iPhoneSimulator.Deploy.0 = Debug|Any CPU
		{00C5826E-C59F-4F8A-8969-4DAB488985DE}.Release|Any CPU.ActiveCfg = Release|Any CPU
		{00C5826E-C59F-4F8A-8969-4DAB488985DE}.Release|Any CPU.Build.0 = Release|Any CPU
		{00C5826E-C59F-4F8A-8969-4DAB488985DE}.Release|Any CPU.Deploy.0 = Release|Any CPU
		{00C5826E-C59F-4F8A-8969-4DAB488985DE}.Release|iPhone.ActiveCfg = Release|Any CPU
		{00C5826E-C59F-4F8A-8969-4DAB488985DE}.Release|iPhone.Build.0 = Release|Any CPU
		{00C5826E-C59F-4F8A-8969-4DAB488985DE}.Release|iPhone.Deploy.0 = Release|Any CPU
		{00C5826E-C59F-4F8A-8969-4DAB488985DE}.Release|iPhoneSimulator.ActiveCfg = Release|Any CPU
		{00C5826E-C59F-4F8A-8969-4DAB488985DE}.Release|iPhoneSimulator.Build.0 = Release|Any CPU
		{00C5826E-C59F-4F8A-8969-4DAB488985DE}.Release|iPhoneSimulator.Deploy.0 = Release|Any CPU
	EndGlobalSection
	GlobalSection(SolutionProperties) = preSolution
		HideSolutionNode = FALSE
	EndGlobalSection
	GlobalSection(ExtensibilityGlobals) = postSolution
		SolutionGuid = {58D53132-76D8-47B5-BE6B-BD924AA8EB24}
	EndGlobalSection
EndGlobal
